
Microsoft Visual Studio Solution File, Format Version 11.00
# Visual C# Express 2010
Project("{FAE04EC0-301F-11D3-BF4B-00C04F79EFBC}") = "24hGame", "24hGame\24hGame\24hGame.csproj", "{3BCC1011-5475-4001-992B-BD817B29068C}"
EndProject
Project("{FAE04EC0-301F-11D3-BF4B-00C04F79EFBC}") = "24hGameContent", "24hGame\24hGameContent\24hGameContent.contentproj", "{C9BB80FB-46D9-4E05-8283-AEFF7FCC3228}"
EndProject
Global
	GlobalSection(SolutionConfigurationPlatforms) = preSolution
		Debug|x86 = Debug|x86
		Release|x86 = Release|x86
	EndGlobalSection
	GlobalSection(ProjectConfigurationPlatforms) = postSolution
		{3BCC1011-5475-4001-992B-BD817B29068C}.Debug|x86.ActiveCfg = Debug|x86
		{3BCC1011-5475-4001-992B-BD817B29068C}.Debug|x86.Build.0 = Debug|x86
		{3BCC1011-5475-4001-992B-BD817B29068C}.Release|x86.ActiveCfg = Release|x86
		{3BCC1011-5475-4001-992B-BD817B29068C}.Release|x86.Build.0 = Release|x86
		{C9BB80FB-46D9-4E05-8283-AEFF7FCC3228}.Debug|x86.ActiveCfg = Debug|x86
		{C9BB80FB-46D9-4E05-8283-AEFF7FCC3228}.Release|x86.ActiveCfg = Release|x86
	EndGlobalSection
	GlobalSection(SolutionProperties) = preSolution
		HideSolutionNode = FALSE
	EndGlobalSection
EndGlobal
